lock_format_version = 1
verification_date = "2026-10-04"
host_architecture = "linux/amd64"
docker_engine = "5:29.8.1-1~ubuntu.26.04~resolute"
docker_buildx = "0.37.1"
docker_compose = "5.5.1"
qgroundcontrol_version = "v5.1.4"
qgroundcontrol_url = "https://github.com/mavlink/qgroundcontrol/releases/download/v5.1.4/QGroundControl-x86_64.AppImage"
qgroundcontrol_sha256 = "1c4ac089abfaac6c6fcd75c7b477ea18da1bc3592cddca5ab1a19c1a13410e65"
ubuntu_24_04_image_index = "sha256:008173c23f95b170204355c12626cb5a965d779a7e1283b09e9cffbb1bf33ca3"
px4 = "v1.17.0"
px4_source_commit = "d6f12ad1c4f70ad3230afd7d86e971421e02fef4"
px4_tag_object = "a5eb12d2ab591251faa009f76b2685b8cc64405d"
px4_source_url = "https://github.com/PX4/PX4-Autopilot.git"
gazebo = "Harmonic"
gazebo_source = "https://packages.osrfoundation.org/gazebo/ubuntu-stable"
gazebo_harmonic_meta_package = "1.0.0-1~noble"
gz_sim = "8.15.0-1~noble"
libogre_next = "2.3.1-9osrf~noble"
px4_submodules_sha256 = "2c1da1e64388a1a6e68d240df31e744c01c629ca238c615e5677f1ba77d6f187"
nidar_px4_sim_image = "sha256:b241eb9e81a2154126cdd1a2fb01fbc390bc12085ed570b04b519524434c6d3b"
mavsdk = "v3.17.2"
mavsdk_tag_commit = "9e3ca17faa84aa868caea10a3bbdab7e53810ced"
mavsdk_source_url = "https://github.com/mavlink/MAVSDK"
mavsdk_amd64_asset = "libmavsdk-dev_3.17.2_ubuntu24.04_amd64.deb"
mavsdk_amd64_sha256 = "9a8c0e960b6cda8f1b09d522a3fd7ea214808ebca922c7ad482d1194243f8cc5"
mavsdk_arm64_packaging = "source-build"
mavsdk_arm64_source_ref = "v3.17.2"
mavsdk_arm64_source_commit = "9e3ca17faa84aa868caea10a3bbdab7e53810ced"
mavsdk_arm64_source_url = "https://github.com/mavlink/MAVSDK.git"
mavsdk_arm64_target = "linux/arm64"
mavsdk_arm64_build_options = "BUILD_SHARED_LIBS=ON;BUILD_MAVSDK_SERVER=OFF;CMAKE_BUILD_TYPE=Release"
mavsdk_arm64_runtime_libraries = "libmavsdk.so"
mavsdk_arm64_verification_date = "2026-10-06"
yaml_cpp = "ubuntu-24.04-apt"
spdlog = "ubuntu-24.04-apt"
googletest = "ubuntu-24.04-apt"

# Every later selected dependency records source URL, version or commit,
# architecture, and verification date.
